
Microsoft Visual Studio Solution File, Format Version 12.00
# Visual Studio Version 17
VisualStudioVersion = 17.3.32922.545
MinimumVisualStudioVersion = 10.0.40219.1
Project("{FAE04EC0-301F-11D3-BF4B-00C04F79EFBC}") = "RoomLibrary", "RoomLibrary\RoomLibrary.csproj", "{49C53910-26E5-400F-964C-ABB16B52297C}"
EndProject
Global
	GlobalSection(SolutionConfigurationPlatforms) = preSolution
		Debug|Any CPU = Debug|Any CPU
		Release|Any CPU = Release|Any CPU
	EndGlobalSection
	GlobalSection(ProjectConfigurationPlatforms) = postSolution
		{49C53910-26E5-400F-964C-ABB16B52297C}.Debug|Any CPU.ActiveCfg = Debug|Any CPU
		{49C53910-26E5-400F-964C-ABB16B52297C}.Debug|Any CPU.Build.0 = Debug|Any CPU
		{49C53910-26E5-400F-964C-ABB16B52297C}.Release|Any CPU.ActiveCfg = Release|Any CPU
		{49C53910-26E5-400F-964C-ABB16B52297C}.Release|Any CPU.Build.0 = Release|Any CPU
	EndGlobalSection
	GlobalSection(SolutionProperties) = preSolution
		HideSolutionNode = FALSE
	EndGlobalSection
	GlobalSection(ExtensibilityGlobals) = postSolution
		SolutionGuid = {3212FED7-8C3C-43C6-A078-C234A76CA259}
	EndGlobalSection
EndGlobal
