
Microsoft Visual Studio Solution File, Format Version 12.00
# Visual Studio Version 17
VisualStudioVersion = 17.4.33213.308
MinimumVisualStudioVersion = 10.0.40219.1
Project("{FAE04EC0-301F-11D3-BF4B-00C04F79EFBC}") = "RoomExample", "RoomExample\RoomExample.csproj", "{77F75588-E3CD-44E3-94C8-0277DA9C8165}"
EndProject
Global
	GlobalSection(SolutionConfigurationPlatforms) = preSolution
		Debug|Any CPU = Debug|Any CPU
		Release|Any CPU = Release|Any CPU
	EndGlobalSection
	GlobalSection(ProjectConfigurationPlatforms) = postSolution
		{77F75588-E3CD-44E3-94C8-0277DA9C8165}.Debug|Any CPU.ActiveCfg = Debug|Any CPU
		{77F75588-E3CD-44E3-94C8-0277DA9C8165}.Debug|Any CPU.Build.0 = Debug|Any CPU
		{77F75588-E3CD-44E3-94C8-0277DA9C8165}.Release|Any CPU.ActiveCfg = Release|Any CPU
		{77F75588-E3CD-44E3-94C8-0277DA9C8165}.Release|Any CPU.Build.0 = Release|Any CPU
	EndGlobalSection
	GlobalSection(SolutionProperties) = preSolution
		HideSolutionNode = FALSE
	EndGlobalSection
	GlobalSection(ExtensibilityGlobals) = postSolution
		SolutionGuid = {2B0BB30E-7533-4E49-AE58-472106F24D44}
	EndGlobalSection
EndGlobal
